
Microsoft Visual Studio Solution File, Format Version 12.00
# Visual Studio 2013
VisualStudioVersion = 12.0.21005.1
MinimumVisualStudioVersion = 10.0.40219.1
Project("{FAE04EC0-301F-11D3-BF4B-00C04F79EFBC}") = "TimeTable Inspector", "TimeTable Inspector\TimeTable Inspector.csproj", "{B753F38F-6301-4AA8-AFB1-BBEC5C7E6339}"
EndProject
Global
	GlobalSection(SolutionConfigurationPlatforms) = preSolution
		Debug|Any CPU = Debug|Any CPU
		Release|Any CPU = Release|Any CPU
	EndGlobalSection
	GlobalSection(ProjectConfigurationPlatforms) = postSolution
		{B753F38F-6301-4AA8-AFB1-BBEC5C7E6339}.Debug|Any CPU.ActiveCfg = Debug|Any CPU
		{B753F38F-6301-4AA8-AFB1-BBEC5C7E6339}.Debug|Any CPU.Build.0 = Debug|Any CPU
		{B753F38F-6301-4AA8-AFB1-BBEC5C7E6339}.Release|Any CPU.ActiveCfg = Release|Any CPU
		{B753F38F-6301-4AA8-AFB1-BBEC5C7E6339}.Release|Any CPU.Build.0 = Release|Any CPU
	EndGlobalSection
	GlobalSection(SolutionProperties) = preSolution
		HideSolutionNode = FALSE
	EndGlobalSection
EndGlobal
